
Microsoft Visual Studio Solution File, Format Version 12.00
# Visual Studio Version 17
VisualStudioVersion = 17.14.37012.4
MinimumVisualStudioVersion = 10.0.40219.1
Project("{FAE04EC0-301F-11D3-BF4B-00C04F79EFBC}") = "HeThongQuanLyHoSo", "HeThongQuanLyHoSo\HeThongQuanLyHoSo.csproj", "{79DBCD1E-08DA-4730-90CC-C3758F8C3AE1}"
EndProject
Project("{FAE04EC0-301F-11D3-BF4B-00C04F79EFBC}") = "DAL", "DAL\DAL.csproj", "{A05CEC8E-DC35-4AA3-B33D-B3DFAD02A17B}"
EndProject
Global
	GlobalSection(SolutionConfigurationPlatforms) = preSolution
		Debug|Any CPU = Debug|Any CPU
		Release|Any CPU = Release|Any CPU
	EndGlobalSection
	GlobalSection(ProjectConfigurationPlatforms) = postSolution
		{79DBCD1E-08DA-4730-90CC-C3758F8C3AE1}.Debug|Any CPU.ActiveCfg = Debug|Any CPU
		{79DBCD1E-08DA-4730-90CC-C3758F8C3AE1}.Debug|Any CPU.Build.0 = Debug|Any CPU
		{79DBCD1E-08DA-4730-90CC-C3758F8C3AE1}.Release|Any CPU.ActiveCfg = Release|Any CPU
		{79DBCD1E-08DA-4730-90CC-C3758F8C3AE1}.Release|Any CPU.Build.0 = Release|Any CPU
		{A05CEC8E-DC35-4AA3-B33D-B3DFAD02A17B}.Debug|Any CPU.ActiveCfg = Debug|Any CPU
		{A05CEC8E-DC35-4AA3-B33D-B3DFAD02A17B}.Debug|Any CPU.Build.0 = Debug|Any CPU
		{A05CEC8E-DC35-4AA3-B33D-B3DFAD02A17B}.Release|Any CPU.ActiveCfg = Release|Any CPU
		{A05CEC8E-DC35-4AA3-B33D-B3DFAD02A17B}.Release|Any CPU.Build.0 = Release|Any CPU
	EndGlobalSection
	GlobalSection(SolutionProperties) = preSolution
		HideSolutionNode = FALSE
	EndGlobalSection
	GlobalSection(ExtensibilityGlobals) = postSolution
		SolutionGuid = {EF2823D3-BD6B-4C53-9882-9B1A7CDE3760}
	EndGlobalSection
EndGlobal
